// !$*UTF8*$!
{
	archiveVersion = 1;
	classes = {
	};
	objectVersion = 50;
	objects = {

/* Begin PBXBuildFile section */
		89D63B402645BC1400286020 /* AppDelegate.swift in Sources */ = {isa = PBXBuildFile; fileRef = 89D63B3F2645BC1400286020 /* AppDelegate.swift */; };
		89D63B422645BC1400286020 /* SceneDelegate.swift in Sources */ = {isa = PBXBuildFile; fileRef = 89D63B412645BC1400286020 /* SceneDelegate.swift */; };
		89D63B442645BC1400286020 /* ViewController.swift in Sources */ = {isa = PBXBuildFile; fileRef = 89D63B432645BC1400286020 /* ViewController.swift */; };
		89D63B4A2645BC1400286020 /* JustViewCode.xcdatamodeld in Sources */ = {isa = PBXBuildFile; fileRef = 89D63B482645BC1400286020 /* JustViewCode.xcdatamodeld */; };
		89D63B4C2645BC1600286020 /* Assets.xcassets in Resources */ = {isa = PBXBuildFile; fileRef = 89D63B4B2645BC1600286020 /* Assets.xcassets */; };
		89D63B4F2645BC1600286020 /* LaunchScreen.storyboard in Resources */ = {isa = PBXBuildFile; fileRef = 89D63B4D2645BC1600286020 /* LaunchScreen.storyboard */; };
		89D63B5A2645BC1600286020 /* JustViewCodeTests.swift in Sources */ = {isa = PBXBuildFile; fileRef = 89D63B592645BC1600286020 /* JustViewCodeTests.swift */; };
		89D63B652645BC1600286020 /* JustViewCodeUITests.swift in Sources */ = {isa = PBXBuildFile; fileRef = 89D63B642645BC1600286020 /* JustViewCodeUITests.swift */; };
		89D63B792645CFA300286020 /* ViewControllerScreen.swift in Sources */ = {isa = PBXBuildFile; fileRef = 89D63B782645CFA300286020 /* ViewControllerScreen.swift */; };
/* End PBXBuildFile section */

/* Begin PBXContainerItemProxy section */
		89D63B562645BC1600286020 /* PBXContainerItemProxy */ = {
			isa = PBXContainerItemProxy;
			containerPortal = 89D63B342645BC1300286020 /* Project object */;
			proxyType = 1;
			remoteGlobalIDString = 89D63B3B2645BC1400286020;
			remoteInfo = JustViewCode;
		};
		89D63B612645BC1600286020 /* PBXContainerItemProxy */ = {
			isa = PBXContainerItemProxy;
			containerPortal = 89D63B342645BC1300286020 /* Project object */;
			proxyType = 1;
			remoteGlobalIDString = 89D63B3B2645BC1400286020;
			remoteInfo = JustViewCode;
		};
/* End PBXContainerItemProxy section */

/* Begin PBXFileReference section */
		89D63B3C2645BC1400286020 /* JustViewCode.app */ = {isa = PBXFileReference; explicitFileType = wrapper.application; includeInIndex = 0; path = JustViewCode.app; sourceTree = BUILT_PRODUCTS_DIR; };
		89D63B3F2645BC1400286020 /* AppDelegate.swift */ = {isa = PBXFileReference; lastKnownFileType = sourcecode.swift; path = AppDelegate.swift; sourceTree = "<group>"; };
		89D63B412645BC1400286020 /* SceneDelegate.swift */ = {isa = PBXFileReference; lastKnownFileType = sourcecode.swift; path = SceneDelegate.swift; sourceTree = "<group>"; };
		89D63B432645BC1400286020 /* ViewController.swift */ = {isa = PBXFileReference; lastKnownFileType = sourcecode.swift; path = ViewController.swift; sourceTree = "<group>"; };
		89D63B492645BC1400286020 /* JustViewCode.xcdatamodel */ = {isa = PBXFileReference; lastKnownFileType = wrapper.xcdatamodel; path = JustViewCode.xcdatamodel; sourceTree = "<group>"; };
		89D63B4B2645BC1600286020 /* Assets.xcassets */ = {isa = PBXFileReference; lastKnownFileType = folder.assetcatalog; path = Assets.xcassets; sourceTree = "<group>"; };
		89D63B4E2645BC1600286020 /* Base */ = {isa = PBXFileReference; lastKnownFileType = file.storyboard; name = Base; path = Base.lproj/LaunchScreen.storyboard; sourceTree = "<group>"; };
		89D63B502645BC1600286020 /* Info.plist */ = {isa = PBXFileReference; lastKnownFileType = text.plist.xml; path = Info.plist; sourceTree = "<group>"; };
		89D63B552645BC1600286020 /* JustViewCodeTests.xctest */ = {isa = PBXFileReference; explicitFileType = wrapper.cfbundle; includeInIndex = 0; path = JustViewCodeTests.xctest; sourceTree = BUILT_PRODUCTS_DIR; };
		89D63B592645BC1600286020 /* JustViewCodeTests.swift */ = {isa = PBXFileReference; lastKnownFileType = sourcecode.swift; path = JustViewCodeTests.swift; sourceTree = "<group>"; };
		89D63B5B2645BC1600286020 /* Info.plist */ = {isa = PBXFileReference; lastKnownFileType = text.plist.xml; path = Info.plist; sourceTree = "<group>"; };
		89D63B602645BC1600286020 /* JustViewCodeUITests.xctest */ = {isa = PBXFileReference; explicitFileType = wrapper.cfbundle; includeInIndex = 0; path = JustViewCodeUITests.xctest; sourceTree = BUILT_PRODUCTS_DIR; };
		89D63B642645BC1600286020 /* JustViewCodeUITests.swift */ = {isa = PBXFileReference; lastKnownFileType = sourcecode.swift; path = JustViewCodeUITests.swift; sourceTree = "<group>"; };
		89D63B662645BC1600286020 /* Info.plist */ = {isa = PBXFileReference; lastKnownFileType = text.plist.xml; path = Info.plist; sourceTree = "<group>"; };
		89D63B782645CFA300286020 /* ViewControllerScreen.swift */ = {isa = PBXFileReference; lastKnownFileType = sourcecode.swift; path = ViewControllerScreen.swift; sourceTree = "<group>"; };
/* End PBXFileReference section */

/* Begin PBXFrameworksBuildPhase section */
		89D63B392645BC1400286020 /* Frameworks */ = {
			isa = PBXFrameworksBuildPhase;
			buildActionMask = 2147483647;
			files = (
			);
			runOnlyForDeploymentPostprocessing = 0;
		};
		89D63B522645BC1600286020 /* Frameworks */ = {
			isa = PBXFrameworksBuildPhase;
			buildActionMask = 2147483647;
			files = (
			);
			runOnlyForDeploymentPostprocessing = 0;
		};
		89D63B5D2645BC1600286020 /* Frameworks */ = {
			isa = PBXFrameworksBuildPhase;
			buildActionMask = 2147483647;
			files = (
			);
			runOnlyForDeploymentPostprocessing = 0;
		};
/* End PBXFrameworksBuildPhase section */

/* Begin PBXGroup section */
		89D63B332645BC1300286020 = {
			isa = PBXGroup;
			children = (
				89D63B3E2645BC1400286020 /* JustViewCode */,
				89D63B582645BC1600286020 /* JustViewCodeTests */,
				89D63B632645BC1600286020 /* JustViewCodeUITests */,
				89D63B3D2645BC1400286020 /* Products */,
			);
			sourceTree = "<group>";
		};
		89D63B3D2645BC1400286020 /* Products */ = {
			isa = PBXGroup;
			children = (
				89D63B3C2645BC1400286020 /* JustViewCode.app */,
				89D63B552645BC1600286020 /* JustViewCodeTests.xctest */,
				89D63B602645BC1600286020 /* JustViewCodeUITests.xctest */,
			);
			name = Products;
			sourceTree = "<group>";
		};
		89D63B3E2645BC1400286020 /* JustViewCode */ = {
			isa = PBXGroup;
			children = (
				89D63B3F2645BC1400286020 /* AppDelegate.swift */,
				89D63B412645BC1400286020 /* SceneDelegate.swift */,
				89D63B432645BC1400286020 /* ViewController.swift */,
				89D63B782645CFA300286020 /* ViewControllerScreen.swift */,
				89D63B4B2645BC1600286020 /* Assets.xcassets */,
				89D63B4D2645BC1600286020 /* LaunchScreen.storyboard */,
				89D63B502645BC1600286020 /* Info.plist */,
				89D63B482645BC1400286020 /* JustViewCode.xcdatamodeld */,
			);
			path = JustViewCode;
			sourceTree = "<group>";
		};
		89D63B582645BC1600286020 /* JustViewCodeTests */ = {
			isa = PBXGroup;
			children = (
				89D63B592645BC1600286020 /* JustViewCodeTests.swift */,
				89D63B5B2645BC1600286020 /* Info.plist */,
			);
			path = JustViewCodeTests;
			sourceTree = "<group>";
		};
		89D63B632645BC1600286020 /* JustViewCodeUITests */ = {
			isa = PBXGroup;
			children = (
				89D63B642645BC1600286020 /* JustViewCodeUITests.swift */,
				89D63B662645BC1600286020 /* Info.plist */,
			);
			path = JustViewCodeUITests;
			sourceTree = "<group>";
		};
/* End PBXGroup section */

/* Begin PBXNativeTarget section */
		89D63B3B2645BC1400286020 /* JustViewCode */ = {
			isa = PBXNativeTarget;
			buildConfigurationList = 89D63B692645BC1600286020 /* Build configuration list for PBXNativeTarget "JustViewCode" */;
			buildPhases = (
				89D63B382645BC1400286020 /* Sources */,
				89D63B392645BC1400286020 /* Frameworks */,
				89D63B3A2645BC1400286020 /* Resources */,
			);
			buildRules = (
			);
			dependencies = (
			);
			name = JustViewCode;
			productName = JustViewCode;
			productReference = 89D63B3C2645BC1400286020 /* JustViewCode.app */;
			productType = "com.apple.product-type.application";
		};
		89D63B542645BC1600286020 /* JustViewCodeTests */ = {
			isa = PBXNativeTarget;
			buildConfigurationList = 89D63B6C2645BC1600286020 /* Build configuration list for PBXNativeTarget "JustViewCodeTests" */;
			buildPhases = (
				89D63B512645BC1600286020 /* Sources */,
				89D63B522645BC1600286020 /* Frameworks */,
				89D63B532645BC1600286020 /* Resources */,
			);
			buildRules = (
			);
			dependencies = (
				89D63B572645BC1600286020 /* PBXTargetDependency */,
			);
			name = JustViewCodeTests;
			productName = JustViewCodeTests;
			productReference = 89D63B552645BC1600286020 /* JustViewCodeTests.xctest */;
			productType = "com.apple.product-type.bundle.unit-test";
		};
		89D63B5F2645BC1600286020 /* JustViewCodeUITests */ = {
			isa = PBXNativeTarget;
			buildConfigurationList = 89D63B6F2645BC1600286020 /* Build configuration list for PBXNativeTarget "JustViewCodeUITests" */;
			buildPhases = (
				89D63B5C2645BC1600286020 /* Sources */,
				89D63B5D2645BC1600286020 /* Frameworks */,
				89D63B5E2645BC1600286020 /* Resources */,
			);
			buildRules = (
			);
			dependencies = (
				89D63B622645BC1600286020 /* PBXTargetDependency */,
			);
			name = JustViewCodeUITests;
			productName = JustViewCodeUITests;
			productReference = 89D63B602645BC1600286020 /* JustViewCodeUITests.xctest */;
			productType = "com.apple.product-type.bundle.ui-testing";
		};
/* End PBXNativeTarget section */

/* Begin PBXProject section */
		89D63B342645BC1300286020 /* Project object */ = {
			isa = PBXProject;
			attributes = {
				LastSwiftUpdateCheck = 1240;
				LastUpgradeCheck = 1240;
				TargetAttributes = {
					89D63B3B2645BC1400286020 = {
						CreatedOnToolsVersion = 12.4;
					};
					89D63B542645BC1600286020 = {
						CreatedOnToolsVersion = 12.4;
						TestTargetID = 89D63B3B2645BC1400286020;
					};
					89D63B5F2645BC1600286020 = {
						CreatedOnToolsVersion = 12.4;
						TestTargetID = 89D63B3B2645BC1400286020;
					};
				};
			};
			buildConfigurationList = 89D63B372645BC1300286020 /* Build configuration list for PBXProject "JustViewCode" */;
			compatibilityVersion = "Xcode 9.3";
			developmentRegion = en;
			hasScannedForEncodings = 0;
			knownRegions = (
				en,
				Base,
			);
			mainGroup = 89D63B332645BC1300286020;
			productRefGroup = 89D63B3D2645BC1400286020 /* Products */;
			projectDirPath = "";
			projectRoot = "";
			targets = (
				89D63B3B2645BC1400286020 /* JustViewCode */,
				89D63B542645BC1600286020 /* JustViewCodeTests */,
				89D63B5F2645BC1600286020 /* JustViewCodeUITests */,
			);
		};
/* End PBXProject section */

/* Begin PBXResourcesBuildPhase section */
		89D63B3A2645BC1400286020 /* Resources */ = {
			isa = PBXResourcesBuildPhase;
			buildActionMask = 2147483647;
			files = (
				89D63B4F2645BC1600286020 /* LaunchScreen.storyboard in Resources */,
				89D63B4C2645BC1600286020 /* Assets.xcassets in Resources */,
			);
			runOnlyForDeploymentPostprocessing = 0;
		};
		89D63B532645BC1600286020 /* Resources */ = {
			isa = PBXResourcesBuildPhase;
			buildActionMask = 2147483647;
			files = (
			);
			runOnlyForDeploymentPostprocessing = 0;
		};
		89D63B5E2645BC1600286020 /* Resources */ = {
			isa = PBXResourcesBuildPhase;
			buildActionMask = 2147483647;
			files = (
			);
			runOnlyForDeploymentPostprocessing = 0;
		};
/* End PBXResourcesBuildPhase section */

/* Begin PBXSourcesBuildPhase section */
		89D63B382645BC1400286020 /* Sources */ = {
			isa = PBXSourcesBuildPhase;
			buildActionMask = 2147483647;
			files = (
				89D63B792645CFA300286020 /* ViewControllerScreen.swift in Sources */,
				89D63B442645BC1400286020 /* ViewController.swift in Sources */,
				89D63B4A2645BC1400286020 /* JustViewCode.xcdatamodeld in Sources */,
				89D63B402645BC1400286020 /* AppDelegate.swift in Sources */,
				89D63B422645BC1400286020 /* SceneDelegate.swift in Sources */,
			);
			runOnlyForDeploymentPostprocessing = 0;
		};
		89D63B512645BC1600286020 /* Sources */ = {
			isa = PBXSourcesBuildPhase;
			buildActionMask = 2147483647;
			files = (
				89D63B5A2645BC1600286020 /* JustViewCodeTests.swift in Sources */,
			);
			runOnlyForDeploymentPostprocessing = 0;
		};
		89D63B5C2645BC1600286020 /* Sources */ = {
			isa = PBXSourcesBuildPhase;
			buildActionMask = 2147483647;
			files = (
				89D63B652645BC1600286020 /* JustViewCodeUITests.swift in Sources */,
			);
			runOnlyForDeploymentPostprocessing = 0;
		};
/* End PBXSourcesBuildPhase section */

/* Begin PBXTargetDependency section */
		89D63B572645BC1600286020 /* PBXTargetDependency */ = {
			isa = PBXTargetDependency;
			target = 89D63B3B2645BC1400286020 /* JustViewCode */;
			targetProxy = 89D63B562645BC1600286020 /* PBXContainerItemProxy */;
		};
		89D63B622645BC1600286020 /* PBXTargetDependency */ = {
			isa = PBXTargetDependency;
			target = 89D63B3B2645BC1400286020 /* JustViewCode */;
			targetProxy = 89D63B612645BC1600286020 /* PBXContainerItemProxy */;
		};
/* End PBXTargetDependency section */

/* Begin PBXVariantGroup section */
		89D63B4D2645BC1600286020 /* LaunchScreen.storyboard */ = {
			isa = PBXVariantGroup;
			children = (
				89D63B4E2645BC1600286020 /* Base */,
			);
			name = LaunchScreen.storyboard;
			sourceTree = "<group>";
		};
/* End PBXVariantGroup section */

/* Begin XCBuildConfiguration section */
		89D63B672645BC1600286020 /* Debug */ = {
			isa = XCBuildConfiguration;
			buildSettings = {
				ALWAYS_SEARCH_USER_PATHS = NO;
				CLANG_ANALYZER_NONNULL = YES;
				CLANG_ANALYZER_NUMBER_OBJECT_CONVERSION = YES_AGGRESSIVE;
				CLANG_CXX_LANGUAGE_STANDARD = "gnu++14";
				CLANG_CXX_LIBRARY = "libc++";
				CLANG_ENABLE_MODULES = YES;
				CLANG_ENABLE_OBJC_ARC = YES;
				CLANG_ENABLE_OBJC_WEAK = YES;
				CLANG_WARN_BLOCK_CAPTURE_AUTORELEASING = YES;
				CLANG_WARN_BOOL_CONVERSION = YES;
				CLANG_WARN_COMMA = YES;
				CLANG_WARN_CONSTANT_CONVERSION = YES;
				CLANG_WARN_DEPRECATED_OBJC_IMPLEMENTATIONS = YES;
				CLANG_WARN_DIRECT_OBJC_ISA_USAGE = YES_ERROR;
				CLANG_WARN_DOCUMENTATION_COMMENTS = YES;
				CLANG_WARN_EMPTY_BODY = YES;
				CLANG_WARN_ENUM_CONVERSION = YES;
				CLANG_WARN_INFINITE_RECURSION = YES;
				CLANG_WARN_INT_CONVERSION = YES;
				CLANG_WARN_NON_LITERAL_NULL_CONVERSION = YES;
				CLANG_WARN_OBJC_IMPLICIT_RETAIN_SELF = YES;
				CLANG_WARN_OBJC_LITERAL_CONVERSION = YES;
				CLANG_WARN_OBJC_ROOT_CLASS = YES_ERROR;
				CLANG_WARN_QUOTED_INCLUDE_IN_FRAMEWORK_HEADER = YES;
				CLANG_WARN_RANGE_LOOP_ANALYSIS = YES;
				CLANG_WARN_STRICT_PROTOTYPES = YES;
				CLANG_WARN_SUSPICIOUS_MOVE = YES;
				CLANG_WARN_UNGUARDED_AVAILABILITY = YES_AGGRESSIVE;
				CLANG_WARN_UNREACHABLE_CODE = YES;
				CLANG_WARN__DUPLICATE_METHOD_MATCH = YES;
				COPY_PHASE_STRIP = NO;
				DEBUG_INFORMATION_FORMAT = dwarf;
				ENABLE_STRICT_OBJC_MSGSEND = YES;
				ENABLE_TESTABILITY = YES;
				GCC_C_LANGUAGE_STANDARD = gnu11;
				GCC_DYNAMIC_NO_PIC = NO;
				GCC_NO_COMMON_BLOCKS = YES;
				GCC_OPTIMIZATION_LEVEL = 0;
				GCC_PREPROCESSOR_DEFINITIONS = (
					"DEBUG=1",
					"$(inherited)",
				);
				GCC_WARN_64_TO_32_BIT_CONVERSION = YES;
				GCC_WARN_ABOUT_RETURN_TYPE = YES_ERROR;
				GCC_WARN_UNDECLARED_SELECTOR = YES;
				GCC_WARN_UNINITIALIZED_AUTOS = YES_AGGRESSIVE;
				GCC_WARN_UNUSED_FUNCTION = YES;
				GCC_WARN_UNUSED_VARIABLE = YES;
				IPHONEOS_DEPLOYMENT_TARGET = 14.4;
				MTL_ENABLE_DEBUG_INFO = INCLUDE_SOURCE;
				MTL_FAST_MATH = YES;
				ONLY_ACTIVE_ARCH = YES;
				SDKROOT = iphoneos;
				SWIFT_ACTIVE_COMPILATION_CONDITIONS = DEBUG;
				SWIFT_OPTIMIZATION_LEVEL = "-Onone";
			};
			name = Debug;
		};
		89D63B682645BC1600286020 /* Release */ = {
			isa = XCBuildConfiguration;
			buildSettings = {
				ALWAYS_SEARCH_USER_PATHS = NO;
				CLANG_ANALYZER_NONNULL = YES;
				CLANG_ANALYZER_NUMBER_OBJECT_CONVERSION = YES_AGGRESSIVE;
				CLANG_CXX_LANGUAGE_STANDARD = "gnu++14";
				CLANG_CXX_LIBRARY = "libc++";
				CLANG_ENABLE_MODULES = YES;
				CLANG_ENABLE_OBJC_ARC = YES;
				CLANG_ENABLE_OBJC_WEAK = YES;
				CLANG_WARN_BLOCK_CAPTURE_AUTORELEASING = YES;
				CLANG_WARN_BOOL_CONVERSION = YES;
				CLANG_WARN_COMMA = YES;
				CLANG_WARN_CONSTANT_CONVERSION = YES;
				CLANG_WARN_DEPRECATED_OBJC_IMPLEMENTATIONS = YES;
				CLANG_WARN_DIRECT_OBJC_ISA_USAGE = YES_ERROR;
				CLANG_WARN_DOCUMENTATION_COMMENTS = YES;
				CLANG_WARN_EMPTY_BODY = YES;
				CLANG_WARN_ENUM_CONVERSION = YES;
				CLANG_WARN_INFINITE_RECURSION = YES;
				CLANG_WARN_INT_CONVERSION = YES;
				CLANG_WARN_NON_LITERAL_NULL_CONVERSION = YES;
				CLANG_WARN_OBJC_IMPLICIT_RETAIN_SELF = YES;
				CLANG_WARN_OBJC_LITERAL_CONVERSION = YES;
				CLANG_WARN_OBJC_ROOT_CLASS = YES_ERROR;
				CLANG_WARN_QUOTED_INCLUDE_IN_FRAMEWORK_HEADER = YES;
				CLANG_WARN_RANGE_LOOP_ANALYSIS = YES;
				CLANG_WARN_STRICT_PROTOTYPES = YES;
				CLANG_WARN_SUSPICIOUS_MOVE = YES;
				CLANG_WARN_UNGUARDED_AVAILABILITY = YES_AGGRESSIVE;
				CLANG_WARN_UNREACHABLE_CODE = YES;
				CLANG_WARN__DUPLICATE_METHOD_MATCH = YES;
				COPY_PHASE_STRIP = NO;
				DEBUG_INFORMATION_FORMAT = "dwarf-with-dsym";
				ENABLE_NS_ASSERTIONS = NO;
				ENABLE_STRICT_OBJC_MSGSEND = YES;
				GCC_C_LANGUAGE_STANDARD = gnu11;
				GCC_NO_COMMON_BLOCKS = YES;
				GCC_WARN_64_TO_32_BIT_CONVERSION = YES;
				GCC_WARN_ABOUT_RETURN_TYPE = YES_ERROR;
				GCC_WARN_UNDECLARED_SELECTOR = YES;
				GCC_WARN_UNINITIALIZED_AUTOS = YES_AGGRESSIVE;
				GCC_WARN_UNUSED_FUNCTION = YES;
				GCC_WARN_UNUSED_VARIABLE = YES;
				IPHONEOS_DEPLOYMENT_TARGET = 14.4;
				MTL_ENABLE_DEBUG_INFO = NO;
				MTL_FAST_MATH = YES;
				SDKROOT = iphoneos;
				SWIFT_COMPILATION_MODE = wholemodule;
				SWIFT_OPTIMIZATION_LEVEL = "-O";
				VALIDATE_PRODUCT = YES;
			};
			name = Release;
		};
		89D63B6A2645BC1600286020 /* Debug */ = {
			isa = XCBuildConfiguration;
			buildSettings = {
				ASSETCATALOG_COMPILER_APPICON_NAME = AppIcon;
				ASSETCATALOG_COMPILER_GLOBAL_ACCENT_COLOR_NAME = AccentColor;
				CODE_SIGN_STYLE = Automatic;
				INFOPLIST_FILE = JustViewCode/Info.plist;
				LD_RUNPATH_SEARCH_PATHS = (
					"$(inherited)",
					"@executable_path/Frameworks",
				);
				PRODUCT_BUNDLE_IDENTIFIER = Pessoal.JustViewCode;
				PRODUCT_NAME = "$(TARGET_NAME)";
				SWIFT_VERSION = 5.0;
				TARGETED_DEVICE_FAMILY = "1,2";
			};
			name = Debug;
		};
		89D63B6B2645BC1600286020 /* Release */ = {
			isa = XCBuildConfiguration;
			buildSettings = {
				ASSETCATALOG_COMPILER_APPICON_NAME = AppIcon;
				ASSETCATALOG_COMPILER_GLOBAL_ACCENT_COLOR_NAME = AccentColor;
				CODE_SIGN_STYLE = Automatic;
				INFOPLIST_FILE = JustViewCode/Info.plist;
				LD_RUNPATH_SEARCH_PATHS = (
					"$(inherited)",
					"@executable_path/Frameworks",
				);
				PRODUCT_BUNDLE_IDENTIFIER = Pessoal.JustViewCode;
				PRODUCT_NAME = "$(TARGET_NAME)";
				SWIFT_VERSION = 5.0;
				TARGETED_DEVICE_FAMILY = "1,2";
			};
			name = Release;
		};
		89D63B6D2645BC1600286020 /* Debug */ = {
			isa = XCBuildConfiguration;
			buildSettings = {
				ALWAYS_EMBED_SWIFT_STANDARD_LIBRARIES = YES;
				BUNDLE_LOADER = "$(TEST_HOST)";
				CODE_SIGN_STYLE = Automatic;
				INFOPLIST_FILE = JustViewCodeTests/Info.plist;
				IPHONEOS_DEPLOYMENT_TARGET = 14.4;
				LD_RUNPATH_SEARCH_PATHS = (
					"$(inherited)",
					"@executable_path/Frameworks",
					"@loader_path/Frameworks",
				);
				PRODUCT_BUNDLE_IDENTIFIER = Pessoal.JustViewCodeTests;
				PRODUCT_NAME = "$(TARGET_NAME)";
				SWIFT_VERSION = 5.0;
				TARGETED_DEVICE_FAMILY = "1,2";
				TEST_HOST = "$(BUILT_PRODUCTS_DIR)/JustViewCode.app/JustViewCode";
			};
			name = Debug;
		};
		89D63B6E2645BC1600286020 /* Release */ = {
			isa = XCBuildConfiguration;
			buildSettings = {
				ALWAYS_EMBED_SWIFT_STANDARD_LIBRARIES = YES;
				BUNDLE_LOADER = "$(TEST_HOST)";
				CODE_SIGN_STYLE = Automatic;
				INFOPLIST_FILE = JustViewCodeTests/Info.plist;
				IPHONEOS_DEPLOYMENT_TARGET = 14.4;
				LD_RUNPATH_SEARCH_PATHS = (
					"$(inherited)",
					"@executable_path/Frameworks",
					"@loader_path/Frameworks",
				);
				PRODUCT_BUNDLE_IDENTIFIER = Pessoal.JustViewCodeTests;
				PRODUCT_NAME = "$(TARGET_NAME)";
				SWIFT_VERSION = 5.0;
				TARGETED_DEVICE_FAMILY = "1,2";
				TEST_HOST = "$(BUILT_PRODUCTS_DIR)/JustViewCode.app/JustViewCode";
			};
			name = Release;
		};
		89D63B702645BC1600286020 /* Debug */ = {
			isa = XCBuildConfiguration;
			buildSettings = {
				ALWAYS_EMBED_SWIFT_STANDARD_LIBRARIES = YES;
				CODE_SIGN_STYLE = Automatic;
				INFOPLIST_FILE = JustViewCodeUITests/Info.plist;
				LD_RUNPATH_SEARCH_PATHS = (
					"$(inherited)",
					"@executable_path/Frameworks",
					"@loader_path/Frameworks",
				);
				PRODUCT_BUNDLE_IDENTIFIER = Pessoal.JustViewCodeUITests;
				PRODUCT_NAME = "$(TARGET_NAME)";
				SWIFT_VERSION = 5.0;
				TARGETED_DEVICE_FAMILY = "1,2";
				TEST_TARGET_NAME = JustViewCode;
			};
			name = Debug;
		};
		89D63B712645BC1600286020 /* Release */ = {
			isa = XCBuildConfiguration;
			buildSettings = {
				ALWAYS_EMBED_SWIFT_STANDARD_LIBRARIES = YES;
				CODE_SIGN_STYLE = Automatic;
				INFOPLIST_FILE = JustViewCodeUITests/Info.plist;
				LD_RUNPATH_SEARCH_PATHS = (
					"$(inherited)",
					"@executable_path/Frameworks",
					"@loader_path/Frameworks",
				);
				PRODUCT_BUNDLE_IDENTIFIER = Pessoal.JustViewCodeUITests;
				PRODUCT_NAME = "$(TARGET_NAME)";
				SWIFT_VERSION = 5.0;
				TARGETED_DEVICE_FAMILY = "1,2";
				TEST_TARGET_NAME = JustViewCode;
			};
			name = Release;
		};
/* End XCBuildConfiguration section */

/* Begin XCConfigurationList section */
		89D63B372645BC1300286020 /* Build configuration list for PBXProject "JustViewCode" */ = {
			isa = XCConfigurationList;
			buildConfigurations = (
				89D63B672645BC1600286020 /* Debug */,
				89D63B682645BC1600286020 /* Release */,
			);
			defaultConfigurationIsVisible = 0;
			defaultConfigurationName = Release;
		};
		89D63B692645BC1600286020 /* Build configuration list for PBXNativeTarget "JustViewCode" */ = {
			isa = XCConfigurationList;
			buildConfigurations = (
				89D63B6A2645BC1600286020 /* Debug */,
				89D63B6B2645BC1600286020 /* Release */,
			);
			defaultConfigurationIsVisible = 0;
			defaultConfigurationName = Release;
		};
		89D63B6C2645BC1600286020 /* Build configuration list for PBXNativeTarget "JustViewCodeTests" */ = {
			isa = XCConfigurationList;
			buildConfigurations = (
				89D63B6D2645BC1600286020 /* Debug */,
				89D63B6E2645BC1600286020 /* Release */,
			);
			defaultConfigurationIsVisible = 0;
			defaultConfigurationName = Release;
		};
		89D63B6F2645BC1600286020 /* Build configuration list for PBXNativeTarget "JustViewCodeUITests" */ = {
			isa = XCConfigurationList;
			buildConfigurations = (
				89D63B702645BC1600286020 /* Debug */,
				89D63B712645BC1600286020 /* Release */,
			);
			defaultConfigurationIsVisible = 0;
			defaultConfigurationName = Release;
		};
/* End XCConfigurationList section */

/* Begin XCVersionGroup section */
		89D63B482645BC1400286020 /* JustViewCode.xcdatamodeld */ = {
			isa = XCVersionGroup;
			children = (
				89D63B492645BC1400286020 /* JustViewCode.xcdatamodel */,
			);
			currentVersion = 89D63B492645BC1400286020 /* JustViewCode.xcdatamodel */;
			path = JustViewCode.xcdatamodeld;
			sourceTree = "<group>";
			versionGroupType = wrapper.xcdatamodel;
		};
/* End XCVersionGroup section */
	};
	rootObject = 89D63B342645BC1300286020 /* Project object */;
}
